// !$*UTF8*$!
{
	archiveVersion = 1;
	classes = {
	};
	objectVersion = 46;
	objects = {

/* Begin PBXBuildFile section */
		1391862E1F1CC24F0011EFC1 /* Account.swift in Sources */ = {isa = PBXBuildFile; fileRef = 1391862D1F1CC24F0011EFC1 /* Account.swift */; };
		5D25C619EB4AF9ED627171E0 /* Pods_WallStudio.framework in Frameworks */ = {isa = PBXBuildFile; fileRef = 853C1F6353D0080351EACED5 /* Pods_WallStudio.framework */; };
		72323EA01DDDFBD200A12460 /* StoreKit.framework in Frameworks */ = {isa = PBXBuildFile; fileRef = 72323E9F1DDDFBD200A12460 /* StoreKit.framework */; };
		72323EA21DDDFBD900A12460 /* libz.tbd in Frameworks */ = {isa = PBXBuildFile; fileRef = 72323EA11DDDFBD900A12460 /* libz.tbd */; };
		72323EA41DDDFBDE00A12460 /* libsqlite3.tbd in Frameworks */ = {isa = PBXBuildFile; fileRef = 72323EA31DDDFBDE00A12460 /* libsqlite3.tbd */; };
		725C277F1B70A36000168806 /* TermsOfUse.swift in Sources */ = {isa = PBXBuildFile; fileRef = 725C277E1B70A36000168806 /* TermsOfUse.swift */; };
		725C27811B70A39400168806 /* terms.html in Resources */ = {isa = PBXBuildFile; fileRef = 725C27801B70A39400168806 /* terms.html */; };
		725C27851B70B92300168806 /* AdSupport.framework in Frameworks */ = {isa = PBXBuildFile; fileRef = 725C27841B70B92300168806 /* AdSupport.framework */; };
		725C27871B70B92A00168806 /* AVFoundation.framework in Frameworks */ = {isa = PBXBuildFile; fileRef = 725C27861B70B92A00168806 /* AVFoundation.framework */; };
		725C27891B70B93300168806 /* CoreMedia.framework in Frameworks */ = {isa = PBXBuildFile; fileRef = 725C27881B70B93300168806 /* CoreMedia.framework */; };
		725C278B1B70B93900168806 /* CoreTelephony.framework in Frameworks */ = {isa = PBXBuildFile; fileRef = 725C278A1B70B93900168806 /* CoreTelephony.framework */; };
		725C278D1B70B93D00168806 /* EventKit.framework in Frameworks */ = {isa = PBXBuildFile; fileRef = 725C278C1B70B93D00168806 /* EventKit.framework */; };
		725C278F1B70B94100168806 /* EventKitUI.framework in Frameworks */ = {isa = PBXBuildFile; fileRef = 725C278E1B70B94100168806 /* EventKitUI.framework */; };
		725C27911B70B94500168806 /* MessageUI.framework in Frameworks */ = {isa = PBXBuildFile; fileRef = 725C27901B70B94500168806 /* MessageUI.framework */; };
		72627E261B6FD8E300089695 /* Home.swift in Sources */ = {isa = PBXBuildFile; fileRef = 72627E251B6FD8E300089695 /* Home.swift */; };
		72627E2F1B6FE1F300089695 /* Submit.swift in Sources */ = {isa = PBXBuildFile; fileRef = 72627E2E1B6FE1F300089695 /* Submit.swift */; };
		7292A8C51B6F73A0006BB1B9 /* AppDelegate.swift in Sources */ = {isa = PBXBuildFile; fileRef = 7292A8C41B6F73A0006BB1B9 /* AppDelegate.swift */; };
		7292A8C71B6F73A1006BB1B9 /* WallGrid.swift in Sources */ = {isa = PBXBuildFile; fileRef = 7292A8C61B6F73A1006BB1B9 /* WallGrid.swift */; };
		7292A8CA1B6F73A1006BB1B9 /* Main.storyboard in Resources */ = {isa = PBXBuildFile; fileRef = 7292A8C81B6F73A1006BB1B9 /* Main.storyboard */; };
		7292A8CC1B6F73A1006BB1B9 /* Images.xcassets in Resources */ = {isa = PBXBuildFile; fileRef = 7292A8CB1B6F73A1006BB1B9 /* Images.xcassets */; };
		7292A8EE1B6FA34F006BB1B9 /* Categories.swift in Sources */ = {isa = PBXBuildFile; fileRef = 7292A8ED1B6FA34F006BB1B9 /* Categories.swift */; };
		7292A8F61B6FA3AD006BB1B9 /* AudioToolbox.framework in Frameworks */ = {isa = PBXBuildFile; fileRef = 7292A8F51B6FA3AD006BB1B9 /* AudioToolbox.framework */; };
		7292A8F81B6FA3B1006BB1B9 /* CFNetwork.framework in Frameworks */ = {isa = PBXBuildFile; fileRef = 7292A8F71B6FA3B1006BB1B9 /* CFNetwork.framework */; };
		7292A8FA1B6FA3B4006BB1B9 /* CoreGraphics.framework in Frameworks */ = {isa = PBXBuildFile; fileRef = 7292A8F91B6FA3B4006BB1B9 /* CoreGraphics.framework */; };
		7292A8FC1B6FA3B8006BB1B9 /* CoreLocation.framework in Frameworks */ = {isa = PBXBuildFile; fileRef = 7292A8FB1B6FA3B8006BB1B9 /* CoreLocation.framework */; };
		7292A8FE1B6FA3BD006BB1B9 /* MobileCoreServices.framework in Frameworks */ = {isa = PBXBuildFile; fileRef = 7292A8FD1B6FA3BD006BB1B9 /* MobileCoreServices.framework */; };
		7292A9001B6FA3C4006BB1B9 /* QuartzCore.framework in Frameworks */ = {isa = PBXBuildFile; fileRef = 7292A8FF1B6FA3C4006BB1B9 /* QuartzCore.framework */; };
		7292A9021B6FA3C8006BB1B9 /* Security.framework in Frameworks */ = {isa = PBXBuildFile; fileRef = 7292A9011B6FA3C8006BB1B9 /* Security.framework */; };
		7292A9061B6FA3D0006BB1B9 /* SystemConfiguration.framework in Frameworks */ = {isa = PBXBuildFile; fileRef = 7292A9051B6FA3D0006BB1B9 /* SystemConfiguration.framework */; };
		72F9E06B1ECC39AA00E26DC2 /* Login.swift in Sources */ = {isa = PBXBuildFile; fileRef = 72F9E0691ECC39AA00E26DC2 /* Login.swift */; };
		72F9E06C1ECC39AA00E26DC2 /* SignUp.swift in Sources */ = {isa = PBXBuildFile; fileRef = 72F9E06A1ECC39AA00E26DC2 /* SignUp.swift */; };
		D8159178222A79EC006BAE74 /* UIDevice + Extensions.swift in Sources */ = {isa = PBXBuildFile; fileRef = D8159177222A79EC006BAE74 /* UIDevice + Extensions.swift */; };
		D815917C222A8762006BAE74 /* CategorieDetailViewController.swift in Sources */ = {isa = PBXBuildFile; fileRef = D815917A222A8762006BAE74 /* CategorieDetailViewController.swift */; };
		D815917D222A8762006BAE74 /* CategorieDetailViewController.xib in Resources */ = {isa = PBXBuildFile; fileRef = D815917B222A8762006BAE74 /* CategorieDetailViewController.xib */; };
		D8159181222A8783006BAE74 /* LikedViewController.swift in Sources */ = {isa = PBXBuildFile; fileRef = D815917F222A8783006BAE74 /* LikedViewController.swift */; };
		D8159182222A8783006BAE74 /* LikedViewController.xib in Resources */ = {isa = PBXBuildFile; fileRef = D8159180222A8783006BAE74 /* LikedViewController.xib */; };
		D8159186222A8847006BAE74 /* GridCell.swift in Sources */ = {isa = PBXBuildFile; fileRef = D8159184222A8847006BAE74 /* GridCell.swift */; };
		D8159187222A8847006BAE74 /* GridCell.xib in Resources */ = {isa = PBXBuildFile; fileRef = D8159185222A8847006BAE74 /* GridCell.xib */; };
		D815918B222BD4A9006BAE74 /* WallpaperDetailViewController.swift in Sources */ = {isa = PBXBuildFile; fileRef = D8159189222BD4A9006BAE74 /* WallpaperDetailViewController.swift */; };
		D815918C222BD4A9006BAE74 /* WallpaperDetailViewController.xib in Resources */ = {isa = PBXBuildFile; fileRef = D815918A222BD4A9006BAE74 /* WallpaperDetailViewController.xib */; };
		D815918E222BD6B5006BAE74 /* WallpaperDetailViewModel.swift in Sources */ = {isa = PBXBuildFile; fileRef = D815918D222BD6B5006BAE74 /* WallpaperDetailViewModel.swift */; };
		D8159194222BE704006BAE74 /* WallpaperDetailCollectionViewCell.swift in Sources */ = {isa = PBXBuildFile; fileRef = D8159192222BE704006BAE74 /* WallpaperDetailCollectionViewCell.swift */; };
		D8159195222BE704006BAE74 /* WallpaperDetailCollectionViewCell.xib in Resources */ = {isa = PBXBuildFile; fileRef = D8159193222BE704006BAE74 /* WallpaperDetailCollectionViewCell.xib */; };
		D8159199222D7629006BAE74 /* WallpaperPreviewViewController.swift in Sources */ = {isa = PBXBuildFile; fileRef = D8159197222D7629006BAE74 /* WallpaperPreviewViewController.swift */; };
		D815919A222D7629006BAE74 /* WallpaperPreviewViewController.xib in Resources */ = {isa = PBXBuildFile; fileRef = D8159198222D7629006BAE74 /* WallpaperPreviewViewController.xib */; };
		D815919C222D8384006BAE74 /* PreviewItemView.swift in Sources */ = {isa = PBXBuildFile; fileRef = D815919B222D8384006BAE74 /* PreviewItemView.swift */; };
		D815919E222D839C006BAE74 /* PreviewItemView.xib in Resources */ = {isa = PBXBuildFile; fileRef = D815919D222D839C006BAE74 /* PreviewItemView.xib */; };
		D8636062223279BF002894BD /* WallpaperService.swift in Sources */ = {isa = PBXBuildFile; fileRef = D8636061223279BF002894BD /* WallpaperService.swift */; };
		D885ABD5222594D3000A5D2C /* LaunchScreen.storyboard in Resources */ = {isa = PBXBuildFile; fileRef = D885ABD4222594D3000A5D2C /* LaunchScreen.storyboard */; };
		D885ABD722259A44000A5D2C /* Kannada MN.ttc in Resources */ = {isa = PBXBuildFile; fileRef = D885ABD622259A3C000A5D2C /* Kannada MN.ttc */; };
		D885ABDA22259C87000A5D2C /* HomeViewController.swift in Sources */ = {isa = PBXBuildFile; fileRef = D885ABD822259C87000A5D2C /* HomeViewController.swift */; };
		D885ABDB22259C87000A5D2C /* HomeViewController.xib in Resources */ = {isa = PBXBuildFile; fileRef = D885ABD922259C87000A5D2C /* HomeViewController.xib */; };
		D885ABDF2225A4A0000A5D2C /* DefaultButton.swift in Sources */ = {isa = PBXBuildFile; fileRef = D885ABDE2225A4A0000A5D2C /* DefaultButton.swift */; };
		D885ABE32226E47B000A5D2C /* CategoriesViewController.swift in Sources */ = {isa = PBXBuildFile; fileRef = D885ABE12226E47B000A5D2C /* CategoriesViewController.swift */; };
		D885ABE42226E47B000A5D2C /* CategoriesViewController.xib in Resources */ = {isa = PBXBuildFile; fileRef = D885ABE22226E47B000A5D2C /* CategoriesViewController.xib */; };
		D885ABE82226F1ED000A5D2C /* CategoriesTableViewCell.swift in Sources */ = {isa = PBXBuildFile; fileRef = D885ABE62226F1ED000A5D2C /* CategoriesTableViewCell.swift */; };
		D885ABE92226F1ED000A5D2C /* CategoriesTableViewCell.xib in Resources */ = {isa = PBXBuildFile; fileRef = D885ABE72226F1ED000A5D2C /* CategoriesTableViewCell.xib */; };
		D885ABED2226F8FF000A5D2C /* CategoriesTableCellViewModel.swift in Sources */ = {isa = PBXBuildFile; fileRef = D885ABEC2226F8FF000A5D2C /* CategoriesTableCellViewModel.swift */; };
		D8B8B3ED221B081E00C27166 /* Podfile in Resources */ = {isa = PBXBuildFile; fileRef = D8B8B3EC221B081E00C27166 /* Podfile */; };
		D8B8B3F9221B2A4A00C27166 /* Montserrat-Thin.ttf in Resources */ = {isa = PBXBuildFile; fileRef = D8B8B3F5221B2A4A00C27166 /* Montserrat-Thin.ttf */; };
		D8B8B3FA221B2A4A00C27166 /* Montserrat-Regular.ttf in Resources */ = {isa = PBXBuildFile; fileRef = D8B8B3F6221B2A4A00C27166 /* Montserrat-Regular.ttf */; };
		D8B8B3FB221B2A4A00C27166 /* Montserrat-Light.ttf in Resources */ = {isa = PBXBuildFile; fileRef = D8B8B3F7221B2A4A00C27166 /* Montserrat-Light.ttf */; };
		D8B8B3FC221B2A4A00C27166 /* Montserrat-Medium.ttf in Resources */ = {isa = PBXBuildFile; fileRef = D8B8B3F8221B2A4A00C27166 /* Montserrat-Medium.ttf */; };
		D8B8B3FE221B2AC500C27166 /* Globals.swift in Sources */ = {isa = PBXBuildFile; fileRef = D8B8B3FD221B2AC500C27166 /* Globals.swift */; };
		D8B8B401221B2B7900C27166 /* UIViewController + Extensions.swift in Sources */ = {isa = PBXBuildFile; fileRef = D8B8B400221B2B7900C27166 /* UIViewController + Extensions.swift */; };
/* End PBXBuildFile section */

/* Begin PBXFileReference section */
		1391862D1F1CC24F0011EFC1 /* Account.swift */ = {isa = PBXFileReference; fileEncoding = 4; lastKnownFileType = sourcecode.swift; path = Account.swift; sourceTree = "<group>"; };
		34D285D5B8610140E87B57B0 /* Pods-WallStudio.release.xcconfig */ = {isa = PBXFileReference; includeInIndex = 1; lastKnownFileType = text.xcconfig; name = "Pods-WallStudio.release.xcconfig"; path = "Pods/Target Support Files/Pods-WallStudio/Pods-WallStudio.release.xcconfig"; sourceTree = "<group>"; };
		51FF37873255679FA3BAD10B /* Pods-WallStudio.debug.xcconfig */ = {isa = PBXFileReference; includeInIndex = 1; lastKnownFileType = text.xcconfig; name = "Pods-WallStudio.debug.xcconfig"; path = "Pods/Target Support Files/Pods-WallStudio/Pods-WallStudio.debug.xcconfig"; sourceTree = "<group>"; };
		72323E9F1DDDFBD200A12460 /* StoreKit.framework */ = {isa = PBXFileReference; lastKnownFileType = wrapper.framework; name = StoreKit.framework; path = System/Library/Frameworks/StoreKit.framework; sourceTree = SDKROOT; };
		72323EA11DDDFBD900A12460 /* libz.tbd */ = {isa = PBXFileReference; lastKnownFileType = "sourcecode.text-based-dylib-definition"; name = libz.tbd; path = usr/lib/libz.tbd; sourceTree = SDKROOT; };
		72323EA31DDDFBDE00A12460 /* libsqlite3.tbd */ = {isa = PBXFileReference; lastKnownFileType = "sourcecode.text-based-dylib-definition"; name = libsqlite3.tbd; path = usr/lib/libsqlite3.tbd; sourceTree = SDKROOT; };
		725C277E1B70A36000168806 /* TermsOfUse.swift */ = {isa = PBXFileReference; fileEncoding = 4; lastKnownFileType = sourcecode.swift; path = TermsOfUse.swift; sourceTree = "<group>"; };
		725C27801B70A39400168806 /* terms.html */ = {isa = PBXFileReference; fileEncoding = 4; lastKnownFileType = text.html; path = terms.html; sourceTree = "<group>"; };
		725C27841B70B92300168806 /* AdSupport.framework */ = {isa = PBXFileReference; lastKnownFileType = wrapper.framework; name = AdSupport.framework; path = System/Library/Frameworks/AdSupport.framework; sourceTree = SDKROOT; };
		725C27861B70B92A00168806 /* AVFoundation.framework */ = {isa = PBXFileReference; lastKnownFileType = wrapper.framework; name = AVFoundation.framework; path = System/Library/Frameworks/AVFoundation.framework; sourceTree = SDKROOT; };
		725C27881B70B93300168806 /* CoreMedia.framework */ = {isa = PBXFileReference; lastKnownFileType = wrapper.framework; name = CoreMedia.framework; path = System/Library/Frameworks/CoreMedia.framework; sourceTree = SDKROOT; };
		725C278A1B70B93900168806 /* CoreTelephony.framework */ = {isa = PBXFileReference; lastKnownFileType = wrapper.framework; name = CoreTelephony.framework; path = System/Library/Frameworks/CoreTelephony.framework; sourceTree = SDKROOT; };
		725C278C1B70B93D00168806 /* EventKit.framework */ = {isa = PBXFileReference; lastKnownFileType = wrapper.framework; name = EventKit.framework; path = System/Library/Frameworks/EventKit.framework; sourceTree = SDKROOT; };
		725C278E1B70B94100168806 /* EventKitUI.framework */ = {isa = PBXFileReference; lastKnownFileType = wrapper.framework; name = EventKitUI.framework; path = System/Library/Frameworks/EventKitUI.framework; sourceTree = SDKROOT; };
		725C27901B70B94500168806 /* MessageUI.framework */ = {isa = PBXFileReference; lastKnownFileType = wrapper.framework; name = MessageUI.framework; path = System/Library/Frameworks/MessageUI.framework; sourceTree = SDKROOT; };
		72627E251B6FD8E300089695 /* Home.swift */ = {isa = PBXFileReference; fileEncoding = 4; lastKnownFileType = sourcecode.swift; path = Home.swift; sourceTree = "<group>"; };
		72627E2E1B6FE1F300089695 /* Submit.swift */ = {isa = PBXFileReference; fileEncoding = 4; lastKnownFileType = sourcecode.swift; path = Submit.swift; sourceTree = "<group>"; };
		7292A8BF1B6F73A0006BB1B9 /* WallStudio.app */ = {isa = PBXFileReference; explicitFileType = wrapper.application; includeInIndex = 0; path = WallStudio.app; sourceTree = BUILT_PRODUCTS_DIR; };
		7292A8C31B6F73A0006BB1B9 /* Info.plist */ = {isa = PBXFileReference; lastKnownFileType = text.plist.xml; path = Info.plist; sourceTree = "<group>"; };
		7292A8C41B6F73A0006BB1B9 /* AppDelegate.swift */ = {isa = PBXFileReference; lastKnownFileType = sourcecode.swift; path = AppDelegate.swift; sourceTree = "<group>"; };
		7292A8C61B6F73A1006BB1B9 /* WallGrid.swift */ = {isa = PBXFileReference; lastKnownFileType = sourcecode.swift; path = WallGrid.swift; sourceTree = "<group>"; };
		7292A8C91B6F73A1006BB1B9 /* Base */ = {isa = PBXFileReference; lastKnownFileType = file.storyboard; name = Base; path = Base.lproj/Main.storyboard; sourceTree = "<group>"; };
		7292A8CB1B6F73A1006BB1B9 /* Images.xcassets */ = {isa = PBXFileReference; lastKnownFileType = folder.assetcatalog; path = Images.xcassets; sourceTree = "<group>"; };
		7292A8ED1B6FA34F006BB1B9 /* Categories.swift */ = {isa = PBXFileReference; fileEncoding = 4; lastKnownFileType = sourcecode.swift; path = Categories.swift; sourceTree = "<group>"; };
		7292A8F51B6FA3AD006BB1B9 /* AudioToolbox.framework */ = {isa = PBXFileReference; lastKnownFileType = wrapper.framework; name = AudioToolbox.framework; path = System/Library/Frameworks/AudioToolbox.framework; sourceTree = SDKROOT; };
		7292A8F71B6FA3B1006BB1B9 /* CFNetwork.framework */ = {isa = PBXFileReference; lastKnownFileType = wrapper.framework; name = CFNetwork.framework; path = System/Library/Frameworks/CFNetwork.framework; sourceTree = SDKROOT; };
		7292A8F91B6FA3B4006BB1B9 /* CoreGraphics.framework */ = {isa = PBXFileReference; lastKnownFileType = wrapper.framework; name = CoreGraphics.framework; path = System/Library/Frameworks/CoreGraphics.framework; sourceTree = SDKROOT; };
		7292A8FB1B6FA3B8006BB1B9 /* CoreLocation.framework */ = {isa = PBXFileReference; lastKnownFileType = wrapper.framework; name = CoreLocation.framework; path = System/Library/Frameworks/CoreLocation.framework; sourceTree = SDKROOT; };
		7292A8FD1B6FA3BD006BB1B9 /* MobileCoreServices.framework */ = {isa = PBXFileReference; lastKnownFileType = wrapper.framework; name = MobileCoreServices.framework; path = System/Library/Frameworks/MobileCoreServices.framework; sourceTree = SDKROOT; };
		7292A8FF1B6FA3C4006BB1B9 /* QuartzCore.framework */ = {isa = PBXFileReference; lastKnownFileType = wrapper.framework; name = QuartzCore.framework; path = System/Library/Frameworks/QuartzCore.framework; sourceTree = SDKROOT; };
		7292A9011B6FA3C8006BB1B9 /* Security.framework */ = {isa = PBXFileReference; lastKnownFileType = wrapper.framework; name = Security.framework; path = System/Library/Frameworks/Security.framework; sourceTree = SDKROOT; };
		7292A9051B6FA3D0006BB1B9 /* SystemConfiguration.framework */ = {isa = PBXFileReference; lastKnownFileType = wrapper.framework; name = SystemConfiguration.framework; path = System/Library/Frameworks/SystemConfiguration.framework; sourceTree = SDKROOT; };
		72F9E0691ECC39AA00E26DC2 /* Login.swift */ = {isa = PBXFileReference; fileEncoding = 4; lastKnownFileType = sourcecode.swift; path = Login.swift; sourceTree = "<group>"; };
		72F9E06A1ECC39AA00E26DC2 /* SignUp.swift */ = {isa = PBXFileReference; fileEncoding = 4; lastKnownFileType = sourcecode.swift; path = SignUp.swift; sourceTree = "<group>"; };
		853C1F6353D0080351EACED5 /* Pods_WallStudio.framework */ = {isa = PBXFileReference; explicitFileType = wrapper.framework; includeInIndex = 0; path = Pods_WallStudio.framework; sourceTree = BUILT_PRODUCTS_DIR; };
		8C3A46991F248F2200D13C5F /* WallStudio.entitlements */ = {isa = PBXFileReference; lastKnownFileType = text.plist.entitlements; path = WallStudio.entitlements; sourceTree = "<group>"; };
		D8159177222A79EC006BAE74 /* UIDevice + Extensions.swift */ = {isa = PBXFileReference; lastKnownFileType = sourcecode.swift; path = "UIDevice + Extensions.swift"; sourceTree = "<group>"; };
		D815917A222A8762006BAE74 /* CategorieDetailViewController.swift */ = {isa = PBXFileReference; lastKnownFileType = sourcecode.swift; path = CategorieDetailViewController.swift; sourceTree = "<group>"; };
		D815917B222A8762006BAE74 /* CategorieDetailViewController.xib */ = {isa = PBXFileReference; lastKnownFileType = file.xib; path = CategorieDetailViewController.xib; sourceTree = "<group>"; };
		D815917F222A8783006BAE74 /* LikedViewController.swift */ = {isa = PBXFileReference; lastKnownFileType = sourcecode.swift; path = LikedViewController.swift; sourceTree = "<group>"; };
		D8159180222A8783006BAE74 /* LikedViewController.xib */ = {isa = PBXFileReference; lastKnownFileType = file.xib; path = LikedViewController.xib; sourceTree = "<group>"; };
		D8159184222A8847006BAE74 /* GridCell.swift */ = {isa = PBXFileReference; lastKnownFileType = sourcecode.swift; path = GridCell.swift; sourceTree = "<group>"; };
		D8159185222A8847006BAE74 /* GridCell.xib */ = {isa = PBXFileReference; lastKnownFileType = file.xib; path = GridCell.xib; sourceTree = "<group>"; };
		D8159189222BD4A9006BAE74 /* WallpaperDetailViewController.swift */ = {isa = PBXFileReference; lastKnownFileType = sourcecode.swift; path = WallpaperDetailViewController.swift; sourceTree = "<group>"; };
		D815918A222BD4A9006BAE74 /* WallpaperDetailViewController.xib */ = {isa = PBXFileReference; lastKnownFileType = file.xib; path = WallpaperDetailViewController.xib; sourceTree = "<group>"; };
		D815918D222BD6B5006BAE74 /* WallpaperDetailViewModel.swift */ = {isa = PBXFileReference; lastKnownFileType = sourcecode.swift; path = WallpaperDetailViewModel.swift; sourceTree = "<group>"; };
		D8159192222BE704006BAE74 /* WallpaperDetailCollectionViewCell.swift */ = {isa = PBXFileReference; lastKnownFileType = sourcecode.swift; path = WallpaperDetailCollectionViewCell.swift; sourceTree = "<group>"; };
		D8159193222BE704006BAE74 /* WallpaperDetailCollectionViewCell.xib */ = {isa = PBXFileReference; lastKnownFileType = file.xib; path = WallpaperDetailCollectionViewCell.xib; sourceTree = "<group>"; };
		D8159197222D7629006BAE74 /* WallpaperPreviewViewController.swift */ = {isa = PBXFileReference; lastKnownFileType = sourcecode.swift; path = WallpaperPreviewViewController.swift; sourceTree = "<group>"; };
		D8159198222D7629006BAE74 /* WallpaperPreviewViewController.xib */ = {isa = PBXFileReference; lastKnownFileType = file.xib; path = WallpaperPreviewViewController.xib; sourceTree = "<group>"; };
		D815919B222D8384006BAE74 /* PreviewItemView.swift */ = {isa = PBXFileReference; lastKnownFileType = sourcecode.swift; path = PreviewItemView.swift; sourceTree = "<group>"; };
		D815919D222D839C006BAE74 /* PreviewItemView.xib */ = {isa = PBXFileReference; lastKnownFileType = file.xib; path = PreviewItemView.xib; sourceTree = "<group>"; };
		D8636061223279BF002894BD /* WallpaperService.swift */ = {isa = PBXFileReference; lastKnownFileType = sourcecode.swift; path = WallpaperService.swift; sourceTree = "<group>"; };
		D885ABD4222594D3000A5D2C /* LaunchScreen.storyboard */ = {isa = PBXFileReference; lastKnownFileType = file.storyboard; path = LaunchScreen.storyboard; sourceTree = "<group>"; };
		D885ABD622259A3C000A5D2C /* Kannada MN.ttc */ = {isa = PBXFileReference; lastKnownFileType = file; path = "Kannada MN.ttc"; sourceTree = "<group>"; };
		D885ABD822259C87000A5D2C /* HomeViewController.swift */ = {isa = PBXFileReference; lastKnownFileType = sourcecode.swift; path = HomeViewController.swift; sourceTree = "<group>"; };
		D885ABD922259C87000A5D2C /* HomeViewController.xib */ = {isa = PBXFileReference; lastKnownFileType = file.xib; path = HomeViewController.xib; sourceTree = "<group>"; };
		D885ABDE2225A4A0000A5D2C /* DefaultButton.swift */ = {isa = PBXFileReference; lastKnownFileType = sourcecode.swift; path = DefaultButton.swift; sourceTree = "<group>"; };
		D885ABE12226E47B000A5D2C /* CategoriesViewController.swift */ = {isa = PBXFileReference; lastKnownFileType = sourcecode.swift; path = CategoriesViewController.swift; sourceTree = "<group>"; };
		D885ABE22226E47B000A5D2C /* CategoriesViewController.xib */ = {isa = PBXFileReference; lastKnownFileType = file.xib; path = CategoriesViewController.xib; sourceTree = "<group>"; };
		D885ABE62226F1ED000A5D2C /* CategoriesTableViewCell.swift */ = {isa = PBXFileReference; lastKnownFileType = sourcecode.swift; path = CategoriesTableViewCell.swift; sourceTree = "<group>"; };
		D885ABE72226F1ED000A5D2C /* CategoriesTableViewCell.xib */ = {isa = PBXFileReference; lastKnownFileType = file.xib; path = CategoriesTableViewCell.xib; sourceTree = "<group>"; };
		D885ABEC2226F8FF000A5D2C /* CategoriesTableCellViewModel.swift */ = {isa = PBXFileReference; lastKnownFileType = sourcecode.swift; path = CategoriesTableCellViewModel.swift; sourceTree = "<group>"; };
		D8B8B3EC221B081E00C27166 /* Podfile */ = {isa = PBXFileReference; fileEncoding = 4; lastKnownFileType = text; path = Podfile; sourceTree = SOURCE_ROOT; xcLanguageSpecificationIdentifier = xcode.lang.ruby; };
		D8B8B3F5221B2A4A00C27166 /* Montserrat-Thin.ttf */ = {isa = PBXFileReference; lastKnownFileType = file; path = "Montserrat-Thin.ttf"; sourceTree = "<group>"; };
		D8B8B3F6221B2A4A00C27166 /* Montserrat-Regular.ttf */ = {isa = PBXFileReference; lastKnownFileType = file; path = "Montserrat-Regular.ttf"; sourceTree = "<group>"; };
		D8B8B3F7221B2A4A00C27166 /* Montserrat-Light.ttf */ = {isa = PBXFileReference; lastKnownFileType = file; path = "Montserrat-Light.ttf"; sourceTree = "<group>"; };
		D8B8B3F8221B2A4A00C27166 /* Montserrat-Medium.ttf */ = {isa = PBXFileReference; lastKnownFileType = file; path = "Montserrat-Medium.ttf"; sourceTree = "<group>"; };
		D8B8B3FD221B2AC500C27166 /* Globals.swift */ = {isa = PBXFileReference; lastKnownFileType = sourcecode.swift; path = Globals.swift; sourceTree = "<group>"; };
		D8B8B400221B2B7900C27166 /* UIViewController + Extensions.swift */ = {isa = PBXFileReference; lastKnownFileType = sourcecode.swift; path = "UIViewController + Extensions.swift"; sourceTree = "<group>"; };
/* End PBXFileReference section */

/* Begin PBXFrameworksBuildPhase section */
		7292A8BC1B6F73A0006BB1B9 /* Frameworks */ = {
			isa = PBXFrameworksBuildPhase;
			buildActionMask = 2147483647;
			files = (
				72323EA41DDDFBDE00A12460 /* libsqlite3.tbd in Frameworks */,
				72323EA21DDDFBD900A12460 /* libz.tbd in Frameworks */,
				72323EA01DDDFBD200A12460 /* StoreKit.framework in Frameworks */,
				7292A9021B6FA3C8006BB1B9 /* Security.framework in Frameworks */,
				7292A8FE1B6FA3BD006BB1B9 /* MobileCoreServices.framework in Frameworks */,
				7292A8F61B6FA3AD006BB1B9 /* AudioToolbox.framework in Frameworks */,
				7292A9061B6FA3D0006BB1B9 /* SystemConfiguration.framework in Frameworks */,
				725C27911B70B94500168806 /* MessageUI.framework in Frameworks */,
				725C278F1B70B94100168806 /* EventKitUI.framework in Frameworks */,
				725C278D1B70B93D00168806 /* EventKit.framework in Frameworks */,
				725C278B1B70B93900168806 /* CoreTelephony.framework in Frameworks */,
				725C27891B70B93300168806 /* CoreMedia.framework in Frameworks */,
				725C27871B70B92A00168806 /* AVFoundation.framework in Frameworks */,
				725C27851B70B92300168806 /* AdSupport.framework in Frameworks */,
				7292A9001B6FA3C4006BB1B9 /* QuartzCore.framework in Frameworks */,
				7292A8FC1B6FA3B8006BB1B9 /* CoreLocation.framework in Frameworks */,
				7292A8FA1B6FA3B4006BB1B9 /* CoreGraphics.framework in Frameworks */,
				7292A8F81B6FA3B1006BB1B9 /* CFNetwork.framework in Frameworks */,
				5D25C619EB4AF9ED627171E0 /* Pods_WallStudio.framework in Frameworks */,
			);
			runOnlyForDeploymentPostprocessing = 0;
		};
/* End PBXFrameworksBuildPhase section */

/* Begin PBXGroup section */
		72323E9E1DDDFBD100A12460 /* Frameworks */ = {
			isa = PBXGroup;
			children = (
				725C27901B70B94500168806 /* MessageUI.framework */,
				725C278E1B70B94100168806 /* EventKitUI.framework */,
				725C278C1B70B93D00168806 /* EventKit.framework */,
				725C278A1B70B93900168806 /* CoreTelephony.framework */,
				725C27881B70B93300168806 /* CoreMedia.framework */,
				725C27861B70B92A00168806 /* AVFoundation.framework */,
				725C27841B70B92300168806 /* AdSupport.framework */,
				7292A9051B6FA3D0006BB1B9 /* SystemConfiguration.framework */,
				7292A9011B6FA3C8006BB1B9 /* Security.framework */,
				7292A8FF1B6FA3C4006BB1B9 /* QuartzCore.framework */,
				7292A8FD1B6FA3BD006BB1B9 /* MobileCoreServices.framework */,
				7292A8FB1B6FA3B8006BB1B9 /* CoreLocation.framework */,
				7292A8F91B6FA3B4006BB1B9 /* CoreGraphics.framework */,
				7292A8F71B6FA3B1006BB1B9 /* CFNetwork.framework */,
				7292A8F51B6FA3AD006BB1B9 /* AudioToolbox.framework */,
				72323EA31DDDFBDE00A12460 /* libsqlite3.tbd */,
				72323EA11DDDFBD900A12460 /* libz.tbd */,
				72323E9F1DDDFBD200A12460 /* StoreKit.framework */,
				853C1F6353D0080351EACED5 /* Pods_WallStudio.framework */,
			);
			name = Frameworks;
			sourceTree = "<group>";
		};
		7292A8B61B6F73A0006BB1B9 = {
			isa = PBXGroup;
			children = (
				7292A8C11B6F73A0006BB1B9 /* WallStudio */,
				7292A8C01B6F73A0006BB1B9 /* Products */,
				72323E9E1DDDFBD100A12460 /* Frameworks */,
				F4B432326957F65DADAB9D56 /* Pods */,
			);
			sourceTree = "<group>";
		};
		7292A8C01B6F73A0006BB1B9 /* Products */ = {
			isa = PBXGroup;
			children = (
				7292A8BF1B6F73A0006BB1B9 /* WallStudio.app */,
			);
			name = Products;
			sourceTree = "<group>";
		};
		7292A8C11B6F73A0006BB1B9 /* WallStudio */ = {
			isa = PBXGroup;
			children = (
				7292A8C41B6F73A0006BB1B9 /* AppDelegate.swift */,
				D885ABD4222594D3000A5D2C /* LaunchScreen.storyboard */,
				7292A8C81B6F73A1006BB1B9 /* Main.storyboard */,
				D81F1E91221C46F300B6E104 /* View Controller */,
				D885ABDD2225A47B000A5D2C /* Components */,
				D8636060223279A9002894BD /* Services */,
				D8B8B3FF221B2B4200C27166 /* Extensions */,
				D8B8B3F2221B29FF00C27166 /* Resources */,
				7292A8CB1B6F73A1006BB1B9 /* Images.xcassets */,
				7292A8C31B6F73A0006BB1B9 /* Info.plist */,
				D8B8B3EC221B081E00C27166 /* Podfile */,
				8C3A46991F248F2200D13C5F /* WallStudio.entitlements */,
			);
			path = WallStudio;
			sourceTree = "<group>";
		};
		D8159179222A8736006BAE74 /* Categorie Detail */ = {
			isa = PBXGroup;
			children = (
				D815917A222A8762006BAE74 /* CategorieDetailViewController.swift */,
				D815917B222A8762006BAE74 /* CategorieDetailViewController.xib */,
			);
			path = "Categorie Detail";
			sourceTree = "<group>";
		};
		D815917E222A8768006BAE74 /* Liked */ = {
			isa = PBXGroup;
			children = (
				D815917F222A8783006BAE74 /* LikedViewController.swift */,
				D8159180222A8783006BAE74 /* LikedViewController.xib */,
			);
			path = Liked;
			sourceTree = "<group>";
		};
		D8159183222A87C2006BAE74 /* GridCell */ = {
			isa = PBXGroup;
			children = (
				D8159184222A8847006BAE74 /* GridCell.swift */,
				D8159185222A8847006BAE74 /* GridCell.xib */,
			);
			path = GridCell;
			sourceTree = "<group>";
		};
		D8159188222BD482006BAE74 /* Wallpaper Detail */ = {
			isa = PBXGroup;
			children = (
				D815918D222BD6B5006BAE74 /* WallpaperDetailViewModel.swift */,
				D8159189222BD4A9006BAE74 /* WallpaperDetailViewController.swift */,
				D815918A222BD4A9006BAE74 /* WallpaperDetailViewController.xib */,
				D8159191222BE6D7006BAE74 /* Cell */,
			);
			path = "Wallpaper Detail";
			sourceTree = "<group>";
		};
		D8159191222BE6D7006BAE74 /* Cell */ = {
			isa = PBXGroup;
			children = (
				D8159192222BE704006BAE74 /* WallpaperDetailCollectionViewCell.swift */,
				D8159193222BE704006BAE74 /* WallpaperDetailCollectionViewCell.xib */,
			);
			path = Cell;
			sourceTree = "<group>";
		};
		D8159196222D7601006BAE74 /* Preview */ = {
			isa = PBXGroup;
			children = (
				D8159197222D7629006BAE74 /* WallpaperPreviewViewController.swift */,
				D8159198222D7629006BAE74 /* WallpaperPreviewViewController.xib */,
			);
			path = Preview;
			sourceTree = "<group>";
		};
		D815919F222D8FCF006BAE74 /* Preview Item */ = {
			isa = PBXGroup;
			children = (
				D815919B222D8384006BAE74 /* PreviewItemView.swift */,
				D815919D222D839C006BAE74 /* PreviewItemView.xib */,
			);
			path = "Preview Item";
			sourceTree = "<group>";
		};
		D81F1E91221C46F300B6E104 /* View Controller */ = {
			isa = PBXGroup;
			children = (
				D885ABDC22259C8E000A5D2C /* Home */,
				D885ABE02226E455000A5D2C /* Categories */,
				D8159179222A8736006BAE74 /* Categorie Detail */,
				D815917E222A8768006BAE74 /* Liked */,
				D8159188222BD482006BAE74 /* Wallpaper Detail */,
				D8159196222D7601006BAE74 /* Preview */,
				72F9E0691ECC39AA00E26DC2 /* Login.swift */,
				72F9E06A1ECC39AA00E26DC2 /* SignUp.swift */,
				725C277E1B70A36000168806 /* TermsOfUse.swift */,
				72627E251B6FD8E300089695 /* Home.swift */,
				7292A8ED1B6FA34F006BB1B9 /* Categories.swift */,
				7292A8C61B6F73A1006BB1B9 /* WallGrid.swift */,
				72627E2E1B6FE1F300089695 /* Submit.swift */,
				1391862D1F1CC24F0011EFC1 /* Account.swift */,
			);
			path = "View Controller";
			sourceTree = "<group>";
		};
		D8636060223279A9002894BD /* Services */ = {
			isa = PBXGroup;
			children = (
				D8636061223279BF002894BD /* WallpaperService.swift */,
			);
			path = Services;
			sourceTree = "<group>";
		};
		D885ABDC22259C8E000A5D2C /* Home */ = {
			isa = PBXGroup;
			children = (
				D885ABD822259C87000A5D2C /* HomeViewController.swift */,
				D885ABD922259C87000A5D2C /* HomeViewController.xib */,
			);
			path = Home;
			sourceTree = "<group>";
		};
		D885ABDD2225A47B000A5D2C /* Components */ = {
			isa = PBXGroup;
			children = (
				D815919F222D8FCF006BAE74 /* Preview Item */,
				D8159183222A87C2006BAE74 /* GridCell */,
				D885ABDE2225A4A0000A5D2C /* DefaultButton.swift */,
			);
			path = Components;
			sourceTree = "<group>";
		};
		D885ABE02226E455000A5D2C /* Categories */ = {
			isa = PBXGroup;
			children = (
				D885ABE12226E47B000A5D2C /* CategoriesViewController.swift */,
				D885ABE22226E47B000A5D2C /* CategoriesViewController.xib */,
				D885ABE52226F1CD000A5D2C /* Cell */,
			);
			path = Categories;
			sourceTree = "<group>";
		};
		D885ABE52226F1CD000A5D2C /* Cell */ = {
			isa = PBXGroup;
			children = (
				D885ABEC2226F8FF000A5D2C /* CategoriesTableCellViewModel.swift */,
				D885ABE62226F1ED000A5D2C /* CategoriesTableViewCell.swift */,
				D885ABE72226F1ED000A5D2C /* CategoriesTableViewCell.xib */,
			);
			path = Cell;
			sourceTree = "<group>";
		};
		D8B8B3F2221B29FF00C27166 /* Resources */ = {
			isa = PBXGroup;
			children = (
				D8B8B3FD221B2AC500C27166 /* Globals.swift */,
				D8B8B3F4221B2A1E00C27166 /* Fonts */,
				D8B8B402221B3EE700C27166 /* Terms */,
			);
			path = Resources;
			sourceTree = "<group>";
		};
		D8B8B3F4221B2A1E00C27166 /* Fonts */ = {
			isa = PBXGroup;
			children = (
				D885ABD622259A3C000A5D2C /* Kannada MN.ttc */,
				D8B8B3F7221B2A4A00C27166 /* Montserrat-Light.ttf */,
				D8B8B3F8221B2A4A00C27166 /* Montserrat-Medium.ttf */,
				D8B8B3F6221B2A4A00C27166 /* Montserrat-Regular.ttf */,
				D8B8B3F5221B2A4A00C27166 /* Montserrat-Thin.ttf */,
			);
			path = Fonts;
			sourceTree = "<group>";
		};
		D8B8B3FF221B2B4200C27166 /* Extensions */ = {
			isa = PBXGroup;
			children = (
				D8B8B400221B2B7900C27166 /* UIViewController + Extensions.swift */,
				D8159177222A79EC006BAE74 /* UIDevice + Extensions.swift */,
			);
			path = Extensions;
			sourceTree = "<group>";
		};
		D8B8B402221B3EE700C27166 /* Terms */ = {
			isa = PBXGroup;
			children = (
				725C27801B70A39400168806 /* terms.html */,
			);
			path = Terms;
			sourceTree = "<group>";
		};
		F4B432326957F65DADAB9D56 /* Pods */ = {
			isa = PBXGroup;
			children = (
				51FF37873255679FA3BAD10B /* Pods-WallStudio.debug.xcconfig */,
				34D285D5B8610140E87B57B0 /* Pods-WallStudio.release.xcconfig */,
			);
			name = Pods;
			sourceTree = "<group>";
		};
/* End PBXGroup section */

/* Begin PBXNativeTarget section */
		7292A8BE1B6F73A0006BB1B9 /* WallStudio */ = {
			isa = PBXNativeTarget;
			buildConfigurationList = 7292A8DE1B6F73A1006BB1B9 /* Build configuration list for PBXNativeTarget "WallStudio" */;
			buildPhases = (
				659A6E7A63E267EA3DB1943C /* [CP] Check Pods Manifest.lock */,
				7292A8BB1B6F73A0006BB1B9 /* Sources */,
				7292A8BC1B6F73A0006BB1B9 /* Frameworks */,
				7292A8BD1B6F73A0006BB1B9 /* Resources */,
				1D243B6907B75DB3B503B39D /* [CP] Embed Pods Frameworks */,
			);
			buildRules = (
			);
			dependencies = (
			);
			name = WallStudio;
			productName = Wally;
			productReference = 7292A8BF1B6F73A0006BB1B9 /* WallStudio.app */;
			productType = "com.apple.product-type.application";
		};
/* End PBXNativeTarget section */

/* Begin PBXProject section */
		7292A8B71B6F73A0006BB1B9 /* Project object */ = {
			isa = PBXProject;
			attributes = {
				LastSwiftMigration = 0700;
				LastSwiftUpdateCheck = 0700;
				LastUpgradeCheck = 0940;
				ORGANIZATIONNAME = GF;
				TargetAttributes = {
					7292A8BE1B6F73A0006BB1B9 = {
						CreatedOnToolsVersion = 6.4;
						DevelopmentTeam = 3Z5GYP8M9L;
						LastSwiftMigration = 0940;
						SystemCapabilities = {
							com.apple.BackgroundModes = {
								enabled = 1;
							};
							com.apple.InAppPurchase = {
								enabled = 0;
							};
							com.apple.Push = {
								enabled = 1;
							};
							com.apple.iCloud = {
								enabled = 0;
							};
						};
					};
				};
			};
			buildConfigurationList = 7292A8BA1B6F73A0006BB1B9 /* Build configuration list for PBXProject "WallStudio" */;
			compatibilityVersion = "Xcode 3.2";
			developmentRegion = English;
			hasScannedForEncodings = 0;
			knownRegions = (
				en,
				Base,
			);
			mainGroup = 7292A8B61B6F73A0006BB1B9;
			productRefGroup = 7292A8C01B6F73A0006BB1B9 /* Products */;
			projectDirPath = "";
			projectRoot = "";
			targets = (
				7292A8BE1B6F73A0006BB1B9 /* WallStudio */,
			);
		};
/* End PBXProject section */

/* Begin PBXResourcesBuildPhase section */
		7292A8BD1B6F73A0006BB1B9 /* Resources */ = {
			isa = PBXResourcesBuildPhase;
			buildActionMask = 2147483647;
			files = (
				D885ABD5222594D3000A5D2C /* LaunchScreen.storyboard in Resources */,
				D885ABE92226F1ED000A5D2C /* CategoriesTableViewCell.xib in Resources */,
				D815919A222D7629006BAE74 /* WallpaperPreviewViewController.xib in Resources */,
				D8B8B3FB221B2A4A00C27166 /* Montserrat-Light.ttf in Resources */,
				D8159187222A8847006BAE74 /* GridCell.xib in Resources */,
				D8159195222BE704006BAE74 /* WallpaperDetailCollectionViewCell.xib in Resources */,
				D885ABE42226E47B000A5D2C /* CategoriesViewController.xib in Resources */,
				D8B8B3FA221B2A4A00C27166 /* Montserrat-Regular.ttf in Resources */,
				D8B8B3F9221B2A4A00C27166 /* Montserrat-Thin.ttf in Resources */,
				D885ABD722259A44000A5D2C /* Kannada MN.ttc in Resources */,
				D815917D222A8762006BAE74 /* CategorieDetailViewController.xib in Resources */,
				D8B8B3ED221B081E00C27166 /* Podfile in Resources */,
				D815919E222D839C006BAE74 /* PreviewItemView.xib in Resources */,
				7292A8CA1B6F73A1006BB1B9 /* Main.storyboard in Resources */,
				725C27811B70A39400168806 /* terms.html in Resources */,
				D815918C222BD4A9006BAE74 /* WallpaperDetailViewController.xib in Resources */,
				D8B8B3FC221B2A4A00C27166 /* Montserrat-Medium.ttf in Resources */,
				7292A8CC1B6F73A1006BB1B9 /* Images.xcassets in Resources */,
				D885ABDB22259C87000A5D2C /* HomeViewController.xib in Resources */,
				D8159182222A8783006BAE74 /* LikedViewController.xib in Resources */,
			);
			runOnlyForDeploymentPostprocessing = 0;
		};
/* End PBXResourcesBuildPhase section */

/* Begin PBXShellScriptBuildPhase section */
		1D243B6907B75DB3B503B39D /* [CP] Embed Pods Frameworks */ = {
			isa = PBXShellScriptBuildPhase;
			buildActionMask = 2147483647;
			files = (
			);
			inputPaths = (
				"${SRCROOT}/Pods/Target Support Files/Pods-WallStudio/Pods-WallStudio-frameworks.sh",
				"${BUILT_PRODUCTS_DIR}/Bolts/Bolts.framework",
				"${BUILT_PRODUCTS_DIR}/FBSDKCoreKit/FBSDKCoreKit.framework",
				"${BUILT_PRODUCTS_DIR}/FBSDKLoginKit/FBSDKLoginKit.framework",
				"${BUILT_PRODUCTS_DIR}/Parse/Parse.framework",
				"${BUILT_PRODUCTS_DIR}/ReactiveSwift/ReactiveSwift.framework",
				"${BUILT_PRODUCTS_DIR}/Result/Result.framework",
			);
			name = "[CP] Embed Pods Frameworks";
			outputPaths = (
				"${TARGET_BUILD_DIR}/${FRAMEWORKS_FOLDER_PATH}/Bolts.framework",
				"${TARGET_BUILD_DIR}/${FRAMEWORKS_FOLDER_PATH}/FBSDKCoreKit.framework",
				"${TARGET_BUILD_DIR}/${FRAMEWORKS_FOLDER_PATH}/FBSDKLoginKit.framework",
				"${TARGET_BUILD_DIR}/${FRAMEWORKS_FOLDER_PATH}/Parse.framework",
				"${TARGET_BUILD_DIR}/${FRAMEWORKS_FOLDER_PATH}/ReactiveSwift.framework",
				"${TARGET_BUILD_DIR}/${FRAMEWORKS_FOLDER_PATH}/Result.framework",
			);
			runOnlyForDeploymentPostprocessing = 0;
			shellPath = /bin/sh;
			shellScript = "\"${SRCROOT}/Pods/Target Support Files/Pods-WallStudio/Pods-WallStudio-frameworks.sh\"\n";
			showEnvVarsInLog = 0;
		};
		659A6E7A63E267EA3DB1943C /* [CP] Check Pods Manifest.lock */ = {
			isa = PBXShellScriptBuildPhase;
			buildActionMask = 2147483647;
			files = (
			);
			inputPaths = (
				"${PODS_PODFILE_DIR_PATH}/Podfile.lock",
				"${PODS_ROOT}/Manifest.lock",
			);
			name = "[CP] Check Pods Manifest.lock";
			outputPaths = (
				"$(DERIVED_FILE_DIR)/Pods-WallStudio-checkManifestLockResult.txt",
			);
			runOnlyForDeploymentPostprocessing = 0;
			shellPath = /bin/sh;
			shellScript = "diff \"${PODS_PODFILE_DIR_PATH}/Podfile.lock\" \"${PODS_ROOT}/Manifest.lock\" > /dev/null\nif [ $? != 0 ] ; then\n    # print error to STDERR\n    echo \"error: The sandbox is not in sync with the Podfile.lock. Run 'pod install' or update your CocoaPods installation.\" >&2\n    exit 1\nfi\n# This output is used by Xcode 'outputs' to avoid re-running this script phase.\necho \"SUCCESS\" > \"${SCRIPT_OUTPUT_FILE_0}\"\n";
			showEnvVarsInLog = 0;
		};
/* End PBXShellScriptBuildPhase section */

/* Begin PBXSourcesBuildPhase section */
		7292A8BB1B6F73A0006BB1B9 /* Sources */ = {
			isa = PBXSourcesBuildPhase;
			buildActionMask = 2147483647;
			files = (
				1391862E1F1CC24F0011EFC1 /* Account.swift in Sources */,
				7292A8C71B6F73A1006BB1B9 /* WallGrid.swift in Sources */,
				D885ABDF2225A4A0000A5D2C /* DefaultButton.swift in Sources */,
				D885ABED2226F8FF000A5D2C /* CategoriesTableCellViewModel.swift in Sources */,
				D815919C222D8384006BAE74 /* PreviewItemView.swift in Sources */,
				7292A8EE1B6FA34F006BB1B9 /* Categories.swift in Sources */,
				72627E2F1B6FE1F300089695 /* Submit.swift in Sources */,
				725C277F1B70A36000168806 /* TermsOfUse.swift in Sources */,
				7292A8C51B6F73A0006BB1B9 /* AppDelegate.swift in Sources */,
				D815918E222BD6B5006BAE74 /* WallpaperDetailViewModel.swift in Sources */,
				D8B8B3FE221B2AC500C27166 /* Globals.swift in Sources */,
				D8159178222A79EC006BAE74 /* UIDevice + Extensions.swift in Sources */,
				72627E261B6FD8E300089695 /* Home.swift in Sources */,
				D815918B222BD4A9006BAE74 /* WallpaperDetailViewController.swift in Sources */,
				72F9E06C1ECC39AA00E26DC2 /* SignUp.swift in Sources */,
				D8B8B401221B2B7900C27166 /* UIViewController + Extensions.swift in Sources */,
				72F9E06B1ECC39AA00E26DC2 /* Login.swift in Sources */,
				D8159199222D7629006BAE74 /* WallpaperPreviewViewController.swift in Sources */,
				D885ABE32226E47B000A5D2C /* CategoriesViewController.swift in Sources */,
				D8159194222BE704006BAE74 /* WallpaperDetailCollectionViewCell.swift in Sources */,
				D885ABDA22259C87000A5D2C /* HomeViewController.swift in Sources */,
				D885ABE82226F1ED000A5D2C /* CategoriesTableViewCell.swift in Sources */,
				D8636062223279BF002894BD /* WallpaperService.swift in Sources */,
				D815917C222A8762006BAE74 /* CategorieDetailViewController.swift in Sources */,
				D8159181222A8783006BAE74 /* LikedViewController.swift in Sources */,
				D8159186222A8847006BAE74 /* GridCell.swift in Sources */,
			);
			runOnlyForDeploymentPostprocessing = 0;
		};
/* End PBXSourcesBuildPhase section */

/* Begin PBXVariantGroup section */
		7292A8C81B6F73A1006BB1B9 /* Main.storyboard */ = {
			isa = PBXVariantGroup;
			children = (
				7292A8C91B6F73A1006BB1B9 /* Base */,
			);
			name = Main.storyboard;
			sourceTree = "<group>";
		};
/* End PBXVariantGroup section */

/* Begin XCBuildConfiguration section */
		7292A8DC1B6F73A1006BB1B9 /* Debug */ = {
			isa = XCBuildConfiguration;
			buildSettings = {
				ALWAYS_SEARCH_USER_PATHS = NO;
				CLANG_CXX_LANGUAGE_STANDARD = "gnu++0x";
				CLANG_CXX_LIBRARY = "libc++";
				CLANG_ENABLE_MODULES = YES;
				CLANG_ENABLE_OBJC_ARC = YES;
				CLANG_WARN_BLOCK_CAPTURE_AUTORELEASING = YES;
				CLANG_WARN_BOOL_CONVERSION = YES;
				CLANG_WARN_COMMA = YES;
				CLANG_WARN_CONSTANT_CONVERSION = YES;
				CLANG_WARN_DEPRECATED_OBJC_IMPLEMENTATIONS = YES;
				CLANG_WARN_DIRECT_OBJC_ISA_USAGE = YES_ERROR;
				CLANG_WARN_EMPTY_BODY = YES;
				CLANG_WARN_ENUM_CONVERSION = YES;
				CLANG_WARN_INFINITE_RECURSION = YES;
				CLANG_WARN_INT_CONVERSION = YES;
				CLANG_WARN_NON_LITERAL_NULL_CONVERSION = YES;
				CLANG_WARN_OBJC_IMPLICIT_RETAIN_SELF = YES;
				CLANG_WARN_OBJC_LITERAL_CONVERSION = YES;
				CLANG_WARN_OBJC_ROOT_CLASS = YES_ERROR;
				CLANG_WARN_RANGE_LOOP_ANALYSIS = YES;
				CLANG_WARN_STRICT_PROTOTYPES = YES;
				CLANG_WARN_SUSPICIOUS_MOVE = YES;
				CLANG_WARN_UNREACHABLE_CODE = YES;
				CLANG_WARN__DUPLICATE_METHOD_MATCH = YES;
				"CODE_SIGN_IDENTITY[sdk=iphoneos*]" = "iPhone Developer";
				COPY_PHASE_STRIP = NO;
				DEBUG_INFORMATION_FORMAT = "dwarf-with-dsym";
				ENABLE_STRICT_OBJC_MSGSEND = YES;
				ENABLE_TESTABILITY = YES;
				GCC_C_LANGUAGE_STANDARD = gnu99;
				GCC_DYNAMIC_NO_PIC = NO;
				GCC_NO_COMMON_BLOCKS = YES;
				GCC_OPTIMIZATION_LEVEL = 0;
				GCC_PREPROCESSOR_DEFINITIONS = (
					"DEBUG=1",
					"$(inherited)",
				);
				GCC_SYMBOLS_PRIVATE_EXTERN = NO;
				GCC_WARN_64_TO_32_BIT_CONVERSION = YES;
				GCC_WARN_ABOUT_RETURN_TYPE = YES_ERROR;
				GCC_WARN_UNDECLARED_SELECTOR = YES;
				GCC_WARN_UNINITIALIZED_AUTOS = YES_AGGRESSIVE;
				GCC_WARN_UNUSED_FUNCTION = YES;
				GCC_WARN_UNUSED_VARIABLE = YES;
				IPHONEOS_DEPLOYMENT_TARGET = 8.4;
				MTL_ENABLE_DEBUG_INFO = YES;
				ONLY_ACTIVE_ARCH = YES;
				SDKROOT = iphoneos;
				SWIFT_OPTIMIZATION_LEVEL = "-Onone";
				TARGETED_DEVICE_FAMILY = "1,2";
			};
			name = Debug;
		};
		7292A8DD1B6F73A1006BB1B9 /* Release */ = {
			isa = XCBuildConfiguration;
			buildSettings = {
				ALWAYS_SEARCH_USER_PATHS = NO;
				CLANG_CXX_LANGUAGE_STANDARD = "gnu++0x";
				CLANG_CXX_LIBRARY = "libc++";
				CLANG_ENABLE_MODULES = YES;
				CLANG_ENABLE_OBJC_ARC = YES;
				CLANG_WARN_BLOCK_CAPTURE_AUTORELEASING = YES;
				CLANG_WARN_BOOL_CONVERSION = YES;
				CLANG_WARN_COMMA = YES;
				CLANG_WARN_CONSTANT_CONVERSION = YES;
				CLANG_WARN_DEPRECATED_OBJC_IMPLEMENTATIONS = YES;
				CLANG_WARN_DIRECT_OBJC_ISA_USAGE = YES_ERROR;
				CLANG_WARN_EMPTY_BODY = YES;
				CLANG_WARN_ENUM_CONVERSION = YES;
				CLANG_WARN_INFINITE_RECURSION = YES;
				CLANG_WARN_INT_CONVERSION = YES;
				CLANG_WARN_NON_LITERAL_NULL_CONVERSION = YES;
				CLANG_WARN_OBJC_IMPLICIT_RETAIN_SELF = YES;
				CLANG_WARN_OBJC_LITERAL_CONVERSION = YES;
				CLANG_WARN_OBJC_ROOT_CLASS = YES_ERROR;
				CLANG_WARN_RANGE_LOOP_ANALYSIS = YES;
				CLANG_WARN_STRICT_PROTOTYPES = YES;
				CLANG_WARN_SUSPICIOUS_MOVE = YES;
				CLANG_WARN_UNREACHABLE_CODE = YES;
				CLANG_WARN__DUPLICATE_METHOD_MATCH = YES;
				"CODE_SIGN_IDENTITY[sdk=iphoneos*]" = "iPhone Developer";
				COPY_PHASE_STRIP = NO;
				DEBUG_INFORMATION_FORMAT = "dwarf-with-dsym";
				ENABLE_NS_ASSERTIONS = NO;
				ENABLE_STRICT_OBJC_MSGSEND = YES;
				GCC_C_LANGUAGE_STANDARD = gnu99;
				GCC_NO_COMMON_BLOCKS = YES;
				GCC_WARN_64_TO_32_BIT_CONVERSION = YES;
				GCC_WARN_ABOUT_RETURN_TYPE = YES_ERROR;
				GCC_WARN_UNDECLARED_SELECTOR = YES;
				GCC_WARN_UNINITIALIZED_AUTOS = YES_AGGRESSIVE;
				GCC_WARN_UNUSED_FUNCTION = YES;
				GCC_WARN_UNUSED_VARIABLE = YES;
				IPHONEOS_DEPLOYMENT_TARGET = 8.4;
				MTL_ENABLE_DEBUG_INFO = NO;
				SDKROOT = iphoneos;
				SWIFT_OPTIMIZATION_LEVEL = "-Owholemodule";
				TARGETED_DEVICE_FAMILY = "1,2";
				VALIDATE_PRODUCT = YES;
			};
			name = Release;
		};
		7292A8DF1B6F73A1006BB1B9 /* Debug */ = {
			isa = XCBuildConfiguration;
			baseConfigurationReference = 51FF37873255679FA3BAD10B /* Pods-WallStudio.debug.xcconfig */;
			buildSettings = {
				ASSETCATALOG_COMPILER_APPICON_NAME = AppIcon;
				CODE_SIGN_ENTITLEMENTS = WallStudio/WallStudio.entitlements;
				CODE_SIGN_IDENTITY = "iPhone Developer";
				"CODE_SIGN_IDENTITY[sdk=iphoneos*]" = "iPhone Developer";
				DEVELOPMENT_TEAM = 3Z5GYP8M9L;
				ENABLE_BITCODE = NO;
				FRAMEWORK_SEARCH_PATHS = (
					"$(inherited)",
					"$(PROJECT_DIR)/WallStudio",
				);
				INFOPLIST_FILE = "$(SRCROOT)/WallStudio/Info.plist";
				IPHONEOS_DEPLOYMENT_TARGET = 9.0;
				LD_RUNPATH_SEARCH_PATHS = "$(inherited) @executable_path/Frameworks";
				PRODUCT_BUNDLE_IDENTIFIER = com.onepiece.aniwallpapers;
				PRODUCT_NAME = "$(TARGET_NAME)";
				PROVISIONING_PROFILE = "";
				SWIFT_SWIFT3_OBJC_INFERENCE = Off;
				SWIFT_VERSION = 4.0;
				TARGETED_DEVICE_FAMILY = "1,2";
			};
			name = Debug;
		};
		7292A8E01B6F73A1006BB1B9 /* Release */ = {
			isa = XCBuildConfiguration;
			baseConfigurationReference = 34D285D5B8610140E87B57B0 /* Pods-WallStudio.release.xcconfig */;
			buildSettings = {
				ASSETCATALOG_COMPILER_APPICON_NAME = AppIcon;
				CODE_SIGN_ENTITLEMENTS = WallStudio/WallStudio.entitlements;
				CODE_SIGN_IDENTITY = "iPhone Developer";
				"CODE_SIGN_IDENTITY[sdk=iphoneos*]" = "iPhone Developer";
				DEVELOPMENT_TEAM = 3Z5GYP8M9L;
				ENABLE_BITCODE = NO;
				FRAMEWORK_SEARCH_PATHS = (
					"$(inherited)",
					"$(PROJECT_DIR)/WallStudio/Facebook",
					"$(PROJECT_DIR)/WallStudio/Parse",
					"$(PROJECT_DIR)/WallStudio",
				);
				INFOPLIST_FILE = "$(SRCROOT)/WallStudio/Info.plist";
				IPHONEOS_DEPLOYMENT_TARGET = 9.0;
				LD_RUNPATH_SEARCH_PATHS = "$(inherited) @executable_path/Frameworks";
				PRODUCT_BUNDLE_IDENTIFIER = com.onepiece.aniwallpapers;
				PRODUCT_NAME = "$(TARGET_NAME)";
				PROVISIONING_PROFILE = "";
				SWIFT_SWIFT3_OBJC_INFERENCE = Off;
				SWIFT_VERSION = 4.0;
				TARGETED_DEVICE_FAMILY = "1,2";
			};
			name = Release;
		};
/* End XCBuildConfiguration section */

/* Begin XCConfigurationList section */
		7292A8BA1B6F73A0006BB1B9 /* Build configuration list for PBXProject "WallStudio" */ = {
			isa = XCConfigurationList;
			buildConfigurations = (
				7292A8DC1B6F73A1006BB1B9 /* Debug */,
				7292A8DD1B6F73A1006BB1B9 /* Release */,
			);
			defaultConfigurationIsVisible = 0;
			defaultConfigurationName = Release;
		};
		7292A8DE1B6F73A1006BB1B9 /* Build configuration list for PBXNativeTarget "WallStudio" */ = {
			isa = XCConfigurationList;
			buildConfigurations = (
				7292A8DF1B6F73A1006BB1B9 /* Debug */,
				7292A8E01B6F73A1006BB1B9 /* Release */,
			);
			defaultConfigurationIsVisible = 0;
			defaultConfigurationName = Release;
		};
/* End XCConfigurationList section */
	};
	rootObject = 7292A8B71B6F73A0006BB1B9 /* Project object */;
}
